connexion==2.6.0
pytransloadit==0.1.10
textblob==0.15.3
Flask==1.1.1
Flask-Cors==3.0.8
uWSGI==2.0.18
uwsgitop==0.11
requests==2.23.0
nltk==3.4.5
google-cloud-speech==1.3.2
google-cloud-texttospeech==1.0.1
scikit-learn==0.22.2
matplotlib==3.1.3
tensorflow==2.1.0
numpy==1.18.1
Pillow==7.0.0
tqdm==4.43.0
## The following requirements were added by pip freeze:
absl-py==0.9.0
astor==0.8.1
attrs==19.3.0
cachetools==4.0.0
certifi==2019.11.28
chardet==3.0.4
Click==7.0
clickclick==1.2.2
cycler==0.10.0
future==0.18.2
gast==0.2.2
google-api-core==1.16.0
google-auth==1.11.2
google-auth-oauthlib==0.4.1
google-pasta==0.1.8
googleapis-common-protos==1.51.0
grpcio==1.27.2
h5py==2.10.0
idna==2.9
importlib-metadata==1.5.0
inflection==0.3.1
itsdangerous==1.1.0
Jinja2==2.11.1
joblib==0.14.1
jsonschema==3.2.0
Keras-Applications==1.0.8
Keras-Preprocessing==1.1.0
kiwisolver==1.1.0
Markdown==3.2.1
MarkupSafe==1.1.1
oauthlib==3.1.0
openapi-spec-validator==0.2.8
opt-einsum==3.1.0
protobuf==3.11.3
pyasn1==0.4.8
pyasn1-modules==0.2.8
pyparsing==2.4.6
pyrsistent==0.15.7
python-dateutil==2.8.1
pytz==2019.3
PyYAML==5.3
requests-oauthlib==1.3.0
rsa==4.0
scipy==1.4.1
six==1.14.0
swagger-ui-bundle==0.0.6
tensorboard==2.1.0
tensorflow-estimator==2.1.0
termcolor==1.1.0
tinydb==3.15.2
tuspy==0.2.4
urllib3==1.25.8
Werkzeug==1.0.0
wrapt==1.12.0
zipp==3.0.0
